
Microsoft Visual Studio Solution File, Format Version 12.00
# Visual Studio Version 17
VisualStudioVersion = 17.0.32014.148
MinimumVisualStudioVersion = 10.0.40219.1
Project("{FAE04EC0-301F-11D3-BF4B-00C04F79EFBC}") = "CloudCustomers", "CloudCustomers\CloudCustomers.csproj", "{1DFFE593-356D-4A20-9D6A-403170838A69}"
EndProject
Project("{FAE04EC0-301F-11D3-BF4B-00C04F79EFBC}") = "CloudCustomers.UnitTest", "CloudCustomers.UnitTest\CloudCustomers.UnitTest.csproj", "{35D4B996-F587-4900-A147-FB21208B0B88}"
EndProject
Global
	GlobalSection(SolutionConfigurationPlatforms) = preSolution
		Debug|Any CPU = Debug|Any CPU
		Release|Any CPU = Release|Any CPU
	EndGlobalSection
	GlobalSection(ProjectConfigurationPlatforms) = postSolution
		{1DFFE593-356D-4A20-9D6A-403170838A69}.Debug|Any CPU.ActiveCfg = Debug|Any CPU
		{1DFFE593-356D-4A20-9D6A-403170838A69}.Debug|Any CPU.Build.0 = Debug|Any CPU
		{1DFFE593-356D-4A20-9D6A-403170838A69}.Release|Any CPU.ActiveCfg = Release|Any CPU
		{1DFFE593-356D-4A20-9D6A-403170838A69}.Release|Any CPU.Build.0 = Release|Any CPU
		{35D4B996-F587-4900-A147-FB21208B0B88}.Debug|Any CPU.ActiveCfg = Debug|Any CPU
		{35D4B996-F587-4900-A147-FB21208B0B88}.Debug|Any CPU.Build.0 = Debug|Any CPU
		{35D4B996-F587-4900-A147-FB21208B0B88}.Release|Any CPU.ActiveCfg = Release|Any CPU
		{35D4B996-F587-4900-A147-FB21208B0B88}.Release|Any CPU.Build.0 = Release|Any CPU
	EndGlobalSection
	GlobalSection(SolutionProperties) = preSolution
		HideSolutionNode = FALSE
	EndGlobalSection
	GlobalSection(ExtensibilityGlobals) = postSolution
		SolutionGuid = {69429988-68F5-429D-93BA-BF8749365A49}
	EndGlobalSection
EndGlobal
